
Microsoft Visual Studio Solution File, Format Version 12.00
# Blend for Visual Studio 15
VisualStudioVersion = 15.0.27004.2002
MinimumVisualStudioVersion = 10.0.40219.1
Project("{FAE04EC0-301F-11D3-BF4B-00C04F79EFBC}") = "Akip", "Akip\Akip.csproj", "{D21DA9FA-9D38-4652-AB22-DF4B9250756C}"
EndProject
Global
	GlobalSection(SolutionConfigurationPlatforms) = preSolution
		Debug|Any CPU = Debug|Any CPU
		Release|Any CPU = Release|Any CPU
	EndGlobalSection
	GlobalSection(ProjectConfigurationPlatforms) = postSolution
		{D21DA9FA-9D38-4652-AB22-DF4B9250756C}.Debug|Any CPU.ActiveCfg = Debug|Any CPU
		{D21DA9FA-9D38-4652-AB22-DF4B9250756C}.Debug|Any CPU.Build.0 = Debug|Any CPU
		{D21DA9FA-9D38-4652-AB22-DF4B9250756C}.Release|Any CPU.ActiveCfg = Release|Any CPU
		{D21DA9FA-9D38-4652-AB22-DF4B9250756C}.Release|Any CPU.Build.0 = Release|Any CPU
	EndGlobalSection
	GlobalSection(SolutionProperties) = preSolution
		HideSolutionNode = FALSE
	EndGlobalSection
	GlobalSection(ExtensibilityGlobals) = postSolution
		SolutionGuid = {0CFECD65-8613-4F05-BFD9-DAD34F4BDFFA}
	EndGlobalSection
EndGlobal
